// !$*UTF8*$!
{
	archiveVersion = 1;
	classes = {
	};
	objectVersion = 46;
	objects = {

/* Begin PBXBuildFile section */
		42A02A4CE21346209D4D5C7B /* Pods_Model.framework in Frameworks */ = {isa = PBXBuildFile; fileRef = 6B48C2145C31EF29985DCCB5 /* Pods_Model.framework */; };
		99E3EDF9C3D63776F7DF7C0D /* Pods_NewsApp.framework in Frameworks */ = {isa = PBXBuildFile; fileRef = B1AE5A23A533D7AD5121ADEF /* Pods_NewsApp.framework */; };
		FB0DA8331FB426EF00E18243 /* Source.swift in Sources */ = {isa = PBXBuildFile; fileRef = FB0DA8321FB426EF00E18243 /* Source.swift */; };
		FB0DA8351FB42AA100E18243 /* NewsError.swift in Sources */ = {isa = PBXBuildFile; fileRef = FB0DA8341FB42AA100E18243 /* NewsError.swift */; };
		FB0DA83A1FB42B8C00E18243 /* ErrorResponse.swift in Sources */ = {isa = PBXBuildFile; fileRef = FB0DA8361FB42B8C00E18243 /* ErrorResponse.swift */; };
		FB0DA83B1FB42B8C00E18243 /* NewsAPIClient.swift in Sources */ = {isa = PBXBuildFile; fileRef = FB0DA8371FB42B8C00E18243 /* NewsAPIClient.swift */; };
		FB0DA83C1FB42B8C00E18243 /* AuthHeaders.swift in Sources */ = {isa = PBXBuildFile; fileRef = FB0DA8381FB42B8C00E18243 /* AuthHeaders.swift */; };
		FB0DA83D1FB42B8C00E18243 /* Config.swift in Sources */ = {isa = PBXBuildFile; fileRef = FB0DA8391FB42B8C00E18243 /* Config.swift */; };
		FB0DA83F1FB430A000E18243 /* Article.swift in Sources */ = {isa = PBXBuildFile; fileRef = FB0DA83E1FB430A000E18243 /* Article.swift */; };
		FB0DA8421FB4359700E18243 /* Date.swift in Sources */ = {isa = PBXBuildFile; fileRef = FB0DA8411FB4359700E18243 /* Date.swift */; };
		FB175B601FB3FF9C0015ACEA /* AppDelegate.swift in Sources */ = {isa = PBXBuildFile; fileRef = FB175B5F1FB3FF9C0015ACEA /* AppDelegate.swift */; };
		FB175B621FB3FF9C0015ACEA /* ViewController.swift in Sources */ = {isa = PBXBuildFile; fileRef = FB175B611FB3FF9C0015ACEA /* ViewController.swift */; };
		FB175B651FB3FF9C0015ACEA /* Main.storyboard in Resources */ = {isa = PBXBuildFile; fileRef = FB175B631FB3FF9C0015ACEA /* Main.storyboard */; };
		FB175B671FB3FF9C0015ACEA /* Assets.xcassets in Resources */ = {isa = PBXBuildFile; fileRef = FB175B661FB3FF9C0015ACEA /* Assets.xcassets */; };
		FB175B6A1FB3FF9C0015ACEA /* LaunchScreen.storyboard in Resources */ = {isa = PBXBuildFile; fileRef = FB175B681FB3FF9C0015ACEA /* LaunchScreen.storyboard */; };
		FB175B7E1FB4071B0015ACEA /* Model.h in Headers */ = {isa = PBXBuildFile; fileRef = FB175B7C1FB4071B0015ACEA /* Model.h */; settings = {ATTRIBUTES = (Public, ); }; };
		FB175B811FB4071B0015ACEA /* Model.framework in Frameworks */ = {isa = PBXBuildFile; fileRef = FB175B7A1FB4071B0015ACEA /* Model.framework */; };
		FB175B821FB4071B0015ACEA /* Model.framework in Embed Frameworks */ = {isa = PBXBuildFile; fileRef = FB175B7A1FB4071B0015ACEA /* Model.framework */; settings = {ATTRIBUTES = (CodeSignOnCopy, RemoveHeadersOnCopy, ); }; };
		FB175B8D1FB40DA30015ACEA /* NewsAPIRouter.swift in Sources */ = {isa = PBXBuildFile; fileRef = FB175B8C1FB40DA30015ACEA /* NewsAPIRouter.swift */; };
/* End PBXBuildFile section */

/* Begin PBXContainerItemProxy section */
		FB175B7F1FB4071B0015ACEA /* PBXContainerItemProxy */ = {
			isa = PBXContainerItemProxy;
			containerPortal = FB175B541FB3FF9C0015ACEA /* Project object */;
			proxyType = 1;
			remoteGlobalIDString = FB175B791FB4071B0015ACEA;
			remoteInfo = Model;
		};
/* End PBXContainerItemProxy section */

/* Begin PBXCopyFilesBuildPhase section */
		FB175B861FB4071B0015ACEA /* Embed Frameworks */ = {
			isa = PBXCopyFilesBuildPhase;
			buildActionMask = 2147483647;
			dstPath = "";
			dstSubfolderSpec = 10;
			files = (
				FB175B821FB4071B0015ACEA /* Model.framework in Embed Frameworks */,
			);
			name = "Embed Frameworks";
			runOnlyForDeploymentPostprocessing = 0;
		};
/* End PBXCopyFilesBuildPhase section */

/* Begin PBXFileReference section */
		2A8D41820D5D76B233E202CC /* Pods-Model.debug.xcconfig */ = {isa = PBXFileReference; includeInIndex = 1; lastKnownFileType = text.xcconfig; name = "Pods-Model.debug.xcconfig"; path = "Pods/Target Support Files/Pods-Model/Pods-Model.debug.xcconfig"; sourceTree = "<group>"; };
		6B48C2145C31EF29985DCCB5 /* Pods_Model.framework */ = {isa = PBXFileReference; explicitFileType = wrapper.framework; includeInIndex = 0; path = Pods_Model.framework; sourceTree = BUILT_PRODUCTS_DIR; };
		7D21CA4ED80E4387EA5201AC /* Pods-Model.release.xcconfig */ = {isa = PBXFileReference; includeInIndex = 1; lastKnownFileType = text.xcconfig; name = "Pods-Model.release.xcconfig"; path = "Pods/Target Support Files/Pods-Model/Pods-Model.release.xcconfig"; sourceTree = "<group>"; };
		A8012FD956A4BAA817705474 /* Pods-NewsApp.release.xcconfig */ = {isa = PBXFileReference; includeInIndex = 1; lastKnownFileType = text.xcconfig; name = "Pods-NewsApp.release.xcconfig"; path = "Pods/Target Support Files/Pods-NewsApp/Pods-NewsApp.release.xcconfig"; sourceTree = "<group>"; };
		B1AE5A23A533D7AD5121ADEF /* Pods_NewsApp.framework */ = {isa = PBXFileReference; explicitFileType = wrapper.framework; includeInIndex = 0; path = Pods_NewsApp.framework; sourceTree = BUILT_PRODUCTS_DIR; };
		F73AFFEAB572E23F836B2001 /* Pods-NewsApp.debug.xcconfig */ = {isa = PBXFileReference; includeInIndex = 1; lastKnownFileType = text.xcconfig; name = "Pods-NewsApp.debug.xcconfig"; path = "Pods/Target Support Files/Pods-NewsApp/Pods-NewsApp.debug.xcconfig"; sourceTree = "<group>"; };
		FB0DA8321FB426EF00E18243 /* Source.swift */ = {isa = PBXFileReference; fileEncoding = 4; lastKnownFileType = sourcecode.swift; name = Source.swift; path = Entities/Source.swift; sourceTree = "<group>"; };
		FB0DA8341FB42AA100E18243 /* NewsError.swift */ = {isa = PBXFileReference; fileEncoding = 4; lastKnownFileType = sourcecode.swift; path = NewsError.swift; sourceTree = "<group>"; };
		FB0DA8361FB42B8C00E18243 /* ErrorResponse.swift */ = {isa = PBXFileReference; fileEncoding = 4; lastKnownFileType = sourcecode.swift; name = ErrorResponse.swift; path = API/ErrorResponse.swift; sourceTree = "<group>"; };
		FB0DA8371FB42B8C00E18243 /* NewsAPIClient.swift */ = {isa = PBXFileReference; fileEncoding = 4; lastKnownFileType = sourcecode.swift; name = NewsAPIClient.swift; path = API/NewsAPIClient.swift; sourceTree = "<group>"; };
		FB0DA8381FB42B8C00E18243 /* AuthHeaders.swift */ = {isa = PBXFileReference; fileEncoding = 4; lastKnownFileType = sourcecode.swift; name = AuthHeaders.swift; path = API/AuthHeaders.swift; sourceTree = "<group>"; };
		FB0DA8391FB42B8C00E18243 /* Config.swift */ = {isa = PBXFileReference; fileEncoding = 4; lastKnownFileType = sourcecode.swift; name = Config.swift; path = API/Config.swift; sourceTree = "<group>"; };
		FB0DA83E1FB430A000E18243 /* Article.swift */ = {isa = PBXFileReference; fileEncoding = 4; lastKnownFileType = sourcecode.swift; name = Article.swift; path = Entities/Article.swift; sourceTree = "<group>"; };
		FB0DA8411FB4359700E18243 /* Date.swift */ = {isa = PBXFileReference; fileEncoding = 4; lastKnownFileType = sourcecode.swift; name = Date.swift; path = Utilities/Date.swift; sourceTree = "<group>"; };
		FB175B5C1FB3FF9C0015ACEA /* NewsApp.app */ = {isa = PBXFileReference; explicitFileType = wrapper.application; includeInIndex = 0; path = NewsApp.app; sourceTree = BUILT_PRODUCTS_DIR; };
		FB175B5F1FB3FF9C0015ACEA /* AppDelegate.swift */ = {isa = PBXFileReference; lastKnownFileType = sourcecode.swift; path = AppDelegate.swift; sourceTree = "<group>"; };
		FB175B611FB3FF9C0015ACEA /* ViewController.swift */ = {isa = PBXFileReference; lastKnownFileType = sourcecode.swift; path = ViewController.swift; sourceTree = "<group>"; };
		FB175B641FB3FF9C0015ACEA /* Base */ = {isa = PBXFileReference; lastKnownFileType = file.storyboard; name = Base; path = Base.lproj/Main.storyboard; sourceTree = "<group>"; };
		FB175B661FB3FF9C0015ACEA /* Assets.xcassets */ = {isa = PBXFileReference; lastKnownFileType = folder.assetcatalog; path = Assets.xcassets; sourceTree = "<group>"; };
		FB175B691FB3FF9C0015ACEA /* Base */ = {isa = PBXFileReference; lastKnownFileType = file.storyboard; name = Base; path = Base.lproj/LaunchScreen.storyboard; sourceTree = "<group>"; };
		FB175B6B1FB3FF9C0015ACEA /* Info.plist */ = {isa = PBXFileReference; lastKnownFileType = text.plist.xml; path = Info.plist; sourceTree = "<group>"; };
		FB175B7A1FB4071B0015ACEA /* Model.framework */ = {isa = PBXFileReference; explicitFileType = wrapper.framework; includeInIndex = 0; path = Model.framework; sourceTree = BUILT_PRODUCTS_DIR; };
		FB175B7C1FB4071B0015ACEA /* Model.h */ = {isa = PBXFileReference; lastKnownFileType = sourcecode.c.h; path = Model.h; sourceTree = "<group>"; };
		FB175B7D1FB4071B0015ACEA /* Info.plist */ = {isa = PBXFileReference; lastKnownFileType = text.plist.xml; path = Info.plist; sourceTree = "<group>"; };
		FB175B8C1FB40DA30015ACEA /* NewsAPIRouter.swift */ = {isa = PBXFileReference; fileEncoding = 4; lastKnownFileType = sourcecode.swift; name = NewsAPIRouter.swift; path = API/Router/NewsAPIRouter.swift; sourceTree = "<group>"; };
/* End PBXFileReference section */

/* Begin PBXFrameworksBuildPhase section */
		FB175B591FB3FF9C0015ACEA /* Frameworks */ = {
			isa = PBXFrameworksBuildPhase;
			buildActionMask = 2147483647;
			files = (
				FB175B811FB4071B0015ACEA /* Model.framework in Frameworks */,
				99E3EDF9C3D63776F7DF7C0D /* Pods_NewsApp.framework in Frameworks */,
			);
			runOnlyForDeploymentPostprocessing = 0;
		};
		FB175B761FB4071B0015ACEA /* Frameworks */ = {
			isa = PBXFrameworksBuildPhase;
			buildActionMask = 2147483647;
			files = (
				42A02A4CE21346209D4D5C7B /* Pods_Model.framework in Frameworks */,
			);
			runOnlyForDeploymentPostprocessing = 0;
		};
/* End PBXFrameworksBuildPhase section */

/* Begin PBXGroup section */
		9BF6C5AA9ED12AB9A9194DFE /* Pods */ = {
			isa = PBXGroup;
			children = (
				2A8D41820D5D76B233E202CC /* Pods-Model.debug.xcconfig */,
				7D21CA4ED80E4387EA5201AC /* Pods-Model.release.xcconfig */,
				F73AFFEAB572E23F836B2001 /* Pods-NewsApp.debug.xcconfig */,
				A8012FD956A4BAA817705474 /* Pods-NewsApp.release.xcconfig */,
			);
			name = Pods;
			sourceTree = "<group>";
		};
		D457AB6C1E9C092C809A4D8F /* Frameworks */ = {
			isa = PBXGroup;
			children = (
				6B48C2145C31EF29985DCCB5 /* Pods_Model.framework */,
				B1AE5A23A533D7AD5121ADEF /* Pods_NewsApp.framework */,
			);
			name = Frameworks;
			sourceTree = "<group>";
		};
		FB0DA8401FB4357900E18243 /* Utilities */ = {
			isa = PBXGroup;
			children = (
				FB0DA8411FB4359700E18243 /* Date.swift */,
			);
			name = Utilities;
			sourceTree = "<group>";
		};
		FB175B531FB3FF9C0015ACEA = {
			isa = PBXGroup;
			children = (
				FB175B5E1FB3FF9C0015ACEA /* NewsApp */,
				FB175B7B1FB4071B0015ACEA /* Model */,
				FB175B5D1FB3FF9C0015ACEA /* Products */,
				9BF6C5AA9ED12AB9A9194DFE /* Pods */,
				D457AB6C1E9C092C809A4D8F /* Frameworks */,
			);
			sourceTree = "<group>";
		};
		FB175B5D1FB3FF9C0015ACEA /* Products */ = {
			isa = PBXGroup;
			children = (
				FB175B5C1FB3FF9C0015ACEA /* NewsApp.app */,
				FB175B7A1FB4071B0015ACEA /* Model.framework */,
			);
			name = Products;
			sourceTree = "<group>";
		};
		FB175B5E1FB3FF9C0015ACEA /* NewsApp */ = {
			isa = PBXGroup;
			children = (
				FB175B741FB406D30015ACEA /* Controllers */,
				FB175B731FB406C90015ACEA /* ViewModel */,
				FB175B721FB406BB0015ACEA /* View */,
				FB175B711FB406A40015ACEA /* Extensions */,
				FB175B5F1FB3FF9C0015ACEA /* AppDelegate.swift */,
				FB175B611FB3FF9C0015ACEA /* ViewController.swift */,
				FB175B631FB3FF9C0015ACEA /* Main.storyboard */,
				FB175B661FB3FF9C0015ACEA /* Assets.xcassets */,
				FB175B681FB3FF9C0015ACEA /* LaunchScreen.storyboard */,
				FB175B6B1FB3FF9C0015ACEA /* Info.plist */,
			);
			path = NewsApp;
			sourceTree = "<group>";
		};
		FB175B711FB406A40015ACEA /* Extensions */ = {
			isa = PBXGroup;
			children = (
			);
			name = Extensions;
			sourceTree = "<group>";
		};
		FB175B721FB406BB0015ACEA /* View */ = {
			isa = PBXGroup;
			children = (
			);
			name = View;
			sourceTree = "<group>";
		};
		FB175B731FB406C90015ACEA /* ViewModel */ = {
			isa = PBXGroup;
			children = (
			);
			name = ViewModel;
			sourceTree = "<group>";
		};
		FB175B741FB406D30015ACEA /* Controllers */ = {
			isa = PBXGroup;
			children = (
			);
			name = Controllers;
			sourceTree = "<group>";
		};
		FB175B7B1FB4071B0015ACEA /* Model */ = {
			isa = PBXGroup;
			children = (
				FB175B871FB407570015ACEA /* API */,
				FB175B881FB407740015ACEA /* Entities */,
				FB0DA8401FB4357900E18243 /* Utilities */,
				FB175B7C1FB4071B0015ACEA /* Model.h */,
				FB175B7D1FB4071B0015ACEA /* Info.plist */,
				FB0DA8341FB42AA100E18243 /* NewsError.swift */,
			);
			path = Model;
			sourceTree = "<group>";
		};
		FB175B871FB407570015ACEA /* API */ = {
			isa = PBXGroup;
			children = (
				FB175B891FB407960015ACEA /* Router */,
				FB0DA8361FB42B8C00E18243 /* ErrorResponse.swift */,
				FB0DA8371FB42B8C00E18243 /* NewsAPIClient.swift */,
				FB0DA8381FB42B8C00E18243 /* AuthHeaders.swift */,
				FB0DA8391FB42B8C00E18243 /* Config.swift */,
			);
			name = API;
			sourceTree = "<group>";
		};
		FB175B881FB407740015ACEA /* Entities */ = {
			isa = PBXGroup;
			children = (
				FB0DA8321FB426EF00E18243 /* Source.swift */,
				FB0DA83E1FB430A000E18243 /* Article.swift */,
			);
			name = Entities;
			sourceTree = "<group>";
		};
		FB175B891FB407960015ACEA /* Router */ = {
			isa = PBXGroup;
			children = (
				FB175B8C1FB40DA30015ACEA /* NewsAPIRouter.swift */,
			);
			name = Router;
			sourceTree = "<group>";
		};
/* End PBXGroup section */

/* Begin PBXHeadersBuildPhase section */
		FB175B771FB4071B0015ACEA /* Headers */ = {
			isa = PBXHeadersBuildPhase;
			buildActionMask = 2147483647;
			files = (
				FB175B7E1FB4071B0015ACEA /* Model.h in Headers */,
			);
			runOnlyForDeploymentPostprocessing = 0;
		};
/* End PBXHeadersBuildPhase section */

/* Begin PBXNativeTarget section */
		FB175B5B1FB3FF9C0015ACEA /* NewsApp */ = {
			isa = PBXNativeTarget;
			buildConfigurationList = FB175B6E1FB3FF9C0015ACEA /* Build configuration list for PBXNativeTarget "NewsApp" */;
			buildPhases = (
				8B731D9B32B637D047A7E0F3 /* [CP] Check Pods Manifest.lock */,
				FB175B581FB3FF9C0015ACEA /* Sources */,
				FB175B591FB3FF9C0015ACEA /* Frameworks */,
				FB175B5A1FB3FF9C0015ACEA /* Resources */,
				FB175B861FB4071B0015ACEA /* Embed Frameworks */,
				4C41A014E61E01E19F29FFCE /* [CP] Embed Pods Frameworks */,
				E8F2BA48D2AF653789E444F7 /* [CP] Copy Pods Resources */,
			);
			buildRules = (
			);
			dependencies = (
				FB175B801FB4071B0015ACEA /* PBXTargetDependency */,
			);
			name = NewsApp;
			productName = NewsApp;
			productReference = FB175B5C1FB3FF9C0015ACEA /* NewsApp.app */;
			productType = "com.apple.product-type.application";
		};
		FB175B791FB4071B0015ACEA /* Model */ = {
			isa = PBXNativeTarget;
			buildConfigurationList = FB175B831FB4071B0015ACEA /* Build configuration list for PBXNativeTarget "Model" */;
			buildPhases = (
				6F10CC473F1B488A874A7FD0 /* [CP] Check Pods Manifest.lock */,
				FB175B751FB4071B0015ACEA /* Sources */,
				FB175B761FB4071B0015ACEA /* Frameworks */,
				FB175B771FB4071B0015ACEA /* Headers */,
				FB175B781FB4071B0015ACEA /* Resources */,
				B42D0FBFD15607E0A23C965F /* [CP] Copy Pods Resources */,
			);
			buildRules = (
			);
			dependencies = (
			);
			name = Model;
			productName = Model;
			productReference = FB175B7A1FB4071B0015ACEA /* Model.framework */;
			productType = "com.apple.product-type.framework";
		};
/* End PBXNativeTarget section */

/* Begin PBXProject section */
		FB175B541FB3FF9C0015ACEA /* Project object */ = {
			isa = PBXProject;
			attributes = {
				LastSwiftUpdateCheck = 0830;
				LastUpgradeCheck = 0830;
				ORGANIZATIONNAME = "Vaibhav Parmar";
				TargetAttributes = {
					FB175B5B1FB3FF9C0015ACEA = {
						CreatedOnToolsVersion = 8.3.3;
						DevelopmentTeam = STRYF8536N;
						ProvisioningStyle = Automatic;
					};
					FB175B791FB4071B0015ACEA = {
						CreatedOnToolsVersion = 8.3.3;
						DevelopmentTeam = STRYF8536N;
						LastSwiftMigration = 0830;
						ProvisioningStyle = Automatic;
					};
				};
			};
			buildConfigurationList = FB175B571FB3FF9C0015ACEA /* Build configuration list for PBXProject "NewsApp" */;
			compatibilityVersion = "Xcode 3.2";
			developmentRegion = English;
			hasScannedForEncodings = 0;
			knownRegions = (
				en,
				Base,
			);
			mainGroup = FB175B531FB3FF9C0015ACEA;
			productRefGroup = FB175B5D1FB3FF9C0015ACEA /* Products */;
			projectDirPath = "";
			projectRoot = "";
			targets = (
				FB175B5B1FB3FF9C0015ACEA /* NewsApp */,
				FB175B791FB4071B0015ACEA /* Model */,
			);
		};
/* End PBXProject section */

/* Begin PBXResourcesBuildPhase section */
		FB175B5A1FB3FF9C0015ACEA /* Resources */ = {
			isa = PBXResourcesBuildPhase;
			buildActionMask = 2147483647;
			files = (
				FB175B6A1FB3FF9C0015ACEA /* LaunchScreen.storyboard in Resources */,
				FB175B671FB3FF9C0015ACEA /* Assets.xcassets in Resources */,
				FB175B651FB3FF9C0015ACEA /* Main.storyboard in Resources */,
			);
			runOnlyForDeploymentPostprocessing = 0;
		};
		FB175B781FB4071B0015ACEA /* Resources */ = {
			isa = PBXResourcesBuildPhase;
			buildActionMask = 2147483647;
			files = (
			);
			runOnlyForDeploymentPostprocessing = 0;
		};
/* End PBXResourcesBuildPhase section */

/* Begin PBXShellScriptBuildPhase section */
		4C41A014E61E01E19F29FFCE /* [CP] Embed Pods Frameworks */ = {
			isa = PBXShellScriptBuildPhase;
			buildActionMask = 2147483647;
			files = (
			);
			inputPaths = (
				"${SRCROOT}/Pods/Target Support Files/Pods-NewsApp/Pods-NewsApp-frameworks.sh",
				"${BUILT_PRODUCTS_DIR}/ReactiveSwift/ReactiveSwift.framework",
				"${BUILT_PRODUCTS_DIR}/Result/Result.framework",
				"${BUILT_PRODUCTS_DIR}/ReactiveCocoa/ReactiveCocoa.framework",
				"${BUILT_PRODUCTS_DIR}/APIClient/APIClient.framework",
				"${BUILT_PRODUCTS_DIR}/Alamofire/Alamofire.framework",
				"${BUILT_PRODUCTS_DIR}/FLUtilities/FLUtilities.framework",
				"${BUILT_PRODUCTS_DIR}/SwiftyJSON/SwiftyJSON.framework",
			);
			name = "[CP] Embed Pods Frameworks";
			outputPaths = (
				"${TARGET_BUILD_DIR}/${FRAMEWORKS_FOLDER_PATH}/ReactiveSwift.framework",
				"${TARGET_BUILD_DIR}/${FRAMEWORKS_FOLDER_PATH}/Result.framework",
				"${TARGET_BUILD_DIR}/${FRAMEWORKS_FOLDER_PATH}/ReactiveCocoa.framework",
				"${TARGET_BUILD_DIR}/${FRAMEWORKS_FOLDER_PATH}/APIClient.framework",
				"${TARGET_BUILD_DIR}/${FRAMEWORKS_FOLDER_PATH}/Alamofire.framework",
				"${TARGET_BUILD_DIR}/${FRAMEWORKS_FOLDER_PATH}/FLUtilities.framework",
				"${TARGET_BUILD_DIR}/${FRAMEWORKS_FOLDER_PATH}/SwiftyJSON.framework",
			);
			runOnlyForDeploymentPostprocessing = 0;
			shellPath = /bin/sh;
			shellScript = "\"${SRCROOT}/Pods/Target Support Files/Pods-NewsApp/Pods-NewsApp-frameworks.sh\"\n";
			showEnvVarsInLog = 0;
		};
		6F10CC473F1B488A874A7FD0 /* [CP] Check Pods Manifest.lock */ = {
			isa = PBXShellScriptBuildPhase;
			buildActionMask = 2147483647;
			files = (
			);
			inputPaths = (
				"${PODS_PODFILE_DIR_PATH}/Podfile.lock",
				"${PODS_ROOT}/Manifest.lock",
			);
			name = "[CP] Check Pods Manifest.lock";
			outputPaths = (
				"$(DERIVED_FILE_DIR)/Pods-Model-checkManifestLockResult.txt",
			);
			runOnlyForDeploymentPostprocessing = 0;
			shellPath = /bin/sh;
			shellScript = "diff \"${PODS_PODFILE_DIR_PATH}/Podfile.lock\" \"${PODS_ROOT}/Manifest.lock\" > /dev/null\nif [ $? != 0 ] ; then\n    # print error to STDERR\n    echo \"error: The sandbox is not in sync with the Podfile.lock. Run 'pod install' or update your CocoaPods installation.\" >&2\n    exit 1\nfi\n# This output is used by Xcode 'outputs' to avoid re-running this script phase.\necho \"SUCCESS\" > \"${SCRIPT_OUTPUT_FILE_0}\"\n";
			showEnvVarsInLog = 0;
		};
		8B731D9B32B637D047A7E0F3 /* [CP] Check Pods Manifest.lock */ = {
			isa = PBXShellScriptBuildPhase;
			buildActionMask = 2147483647;
			files = (
			);
			inputPaths = (
				"${PODS_PODFILE_DIR_PATH}/Podfile.lock",
				"${PODS_ROOT}/Manifest.lock",
			);
			name = "[CP] Check Pods Manifest.lock";
			outputPaths = (
				"$(DERIVED_FILE_DIR)/Pods-NewsApp-checkManifestLockResult.txt",
			);
			runOnlyForDeploymentPostprocessing = 0;
			shellPath = /bin/sh;
			shellScript = "diff \"${PODS_PODFILE_DIR_PATH}/Podfile.lock\" \"${PODS_ROOT}/Manifest.lock\" > /dev/null\nif [ $? != 0 ] ; then\n    # print error to STDERR\n    echo \"error: The sandbox is not in sync with the Podfile.lock. Run 'pod install' or update your CocoaPods installation.\" >&2\n    exit 1\nfi\n# This output is used by Xcode 'outputs' to avoid re-running this script phase.\necho \"SUCCESS\" > \"${SCRIPT_OUTPUT_FILE_0}\"\n";
			showEnvVarsInLog = 0;
		};
		B42D0FBFD15607E0A23C965F /* [CP] Copy Pods Resources */ = {
			isa = PBXShellScriptBuildPhase;
			buildActionMask = 2147483647;
			files = (
			);
			inputPaths = (
			);
			name = "[CP] Copy Pods Resources";
			outputPaths = (
			);
			runOnlyForDeploymentPostprocessing = 0;
			shellPath = /bin/sh;
			shellScript = "\"${SRCROOT}/Pods/Target Support Files/Pods-Model/Pods-Model-resources.sh\"\n";
			showEnvVarsInLog = 0;
		};
		E8F2BA48D2AF653789E444F7 /* [CP] Copy Pods Resources */ = {
			isa = PBXShellScriptBuildPhase;
			buildActionMask = 2147483647;
			files = (
			);
			inputPaths = (
			);
			name = "[CP] Copy Pods Resources";
			outputPaths = (
			);
			runOnlyForDeploymentPostprocessing = 0;
			shellPath = /bin/sh;
			shellScript = "\"${SRCROOT}/Pods/Target Support Files/Pods-NewsApp/Pods-NewsApp-resources.sh\"\n";
			showEnvVarsInLog = 0;
		};
/* End PBXShellScriptBuildPhase section */

/* Begin PBXSourcesBuildPhase section */
		FB175B581FB3FF9C0015ACEA /* Sources */ = {
			isa = PBXSourcesBuildPhase;
			buildActionMask = 2147483647;
			files = (
				FB175B621FB3FF9C0015ACEA /* ViewController.swift in Sources */,
				FB175B601FB3FF9C0015ACEA /* AppDelegate.swift in Sources */,
			);
			runOnlyForDeploymentPostprocessing = 0;
		};
		FB175B751FB4071B0015ACEA /* Sources */ = {
			isa = PBXSourcesBuildPhase;
			buildActionMask = 2147483647;
			files = (
				FB0DA83B1FB42B8C00E18243 /* NewsAPIClient.swift in Sources */,
				FB175B8D1FB40DA30015ACEA /* NewsAPIRouter.swift in Sources */,
				FB0DA8331FB426EF00E18243 /* Source.swift in Sources */,
				FB0DA83D1FB42B8C00E18243 /* Config.swift in Sources */,
				FB0DA83F1FB430A000E18243 /* Article.swift in Sources */,
				FB0DA8351FB42AA100E18243 /* NewsError.swift in Sources */,
				FB0DA83C1FB42B8C00E18243 /* AuthHeaders.swift in Sources */,
				FB0DA8421FB4359700E18243 /* Date.swift in Sources */,
				FB0DA83A1FB42B8C00E18243 /* ErrorResponse.swift in Sources */,
			);
			runOnlyForDeploymentPostprocessing = 0;
		};
/* End PBXSourcesBuildPhase section */

/* Begin PBXTargetDependency section */
		FB175B801FB4071B0015ACEA /* PBXTargetDependency */ = {
			isa = PBXTargetDependency;
			target = FB175B791FB4071B0015ACEA /* Model */;
			targetProxy = FB175B7F1FB4071B0015ACEA /* PBXContainerItemProxy */;
		};
/* End PBXTargetDependency section */

/* Begin PBXVariantGroup section */
		FB175B631FB3FF9C0015ACEA /* Main.storyboard */ = {
			isa = PBXVariantGroup;
			children = (
				FB175B641FB3FF9C0015ACEA /* Base */,
			);
			name = Main.storyboard;
			sourceTree = "<group>";
		};
		FB175B681FB3FF9C0015ACEA /* LaunchScreen.storyboard */ = {
			isa = PBXVariantGroup;
			children = (
				FB175B691FB3FF9C0015ACEA /* Base */,
			);
			name = LaunchScreen.storyboard;
			sourceTree = "<group>";
		};
/* End PBXVariantGroup section */

/* Begin XCBuildConfiguration section */
		FB175B6C1FB3FF9C0015ACEA /* Debug */ = {
			isa = XCBuildConfiguration;
			buildSettings = {
				ALWAYS_SEARCH_USER_PATHS = NO;
				CLANG_ANALYZER_NONNULL = YES;
				CLANG_ANALYZER_NUMBER_OBJECT_CONVERSION = YES_AGGRESSIVE;
				CLANG_CXX_LANGUAGE_STANDARD = "gnu++0x";
				CLANG_CXX_LIBRARY = "libc++";
				CLANG_ENABLE_MODULES = YES;
				CLANG_ENABLE_OBJC_ARC = YES;
				CLANG_WARN_BOOL_CONVERSION = YES;
				CLANG_WARN_CONSTANT_CONVERSION = YES;
				CLANG_WARN_DIRECT_OBJC_ISA_USAGE = YES_ERROR;
				CLANG_WARN_DOCUMENTATION_COMMENTS = YES;
				CLANG_WARN_EMPTY_BODY = YES;
				CLANG_WARN_ENUM_CONVERSION = YES;
				CLANG_WARN_INFINITE_RECURSION = YES;
				CLANG_WARN_INT_CONVERSION = YES;
				CLANG_WARN_OBJC_ROOT_CLASS = YES_ERROR;
				CLANG_WARN_SUSPICIOUS_MOVE = YES;
				CLANG_WARN_UNREACHABLE_CODE = YES;
				CLANG_WARN__DUPLICATE_METHOD_MATCH = YES;
				"CODE_SIGN_IDENTITY[sdk=iphoneos*]" = "iPhone Developer";
				COPY_PHASE_STRIP = NO;
				DEBUG_INFORMATION_FORMAT = dwarf;
				ENABLE_STRICT_OBJC_MSGSEND = YES;
				ENABLE_TESTABILITY = YES;
				GCC_C_LANGUAGE_STANDARD = gnu99;
				GCC_DYNAMIC_NO_PIC = NO;
				GCC_NO_COMMON_BLOCKS = YES;
				GCC_OPTIMIZATION_LEVEL = 0;
				GCC_PREPROCESSOR_DEFINITIONS = (
					"DEBUG=1",
					"$(inherited)",
				);
				GCC_WARN_64_TO_32_BIT_CONVERSION = YES;
				GCC_WARN_ABOUT_RETURN_TYPE = YES_ERROR;
				GCC_WARN_UNDECLARED_SELECTOR = YES;
				GCC_WARN_UNINITIALIZED_AUTOS = YES_AGGRESSIVE;
				GCC_WARN_UNUSED_FUNCTION = YES;
				GCC_WARN_UNUSED_VARIABLE = YES;
				IPHONEOS_DEPLOYMENT_TARGET = 10.3;
				MTL_ENABLE_DEBUG_INFO = YES;
				ONLY_ACTIVE_ARCH = YES;
				SDKROOT = iphoneos;
				SWIFT_ACTIVE_COMPILATION_CONDITIONS = DEBUG;
				SWIFT_OPTIMIZATION_LEVEL = "-Onone";
				TARGETED_DEVICE_FAMILY = "1,2";
			};
			name = Debug;
		};
		FB175B6D1FB3FF9C0015ACEA /* Release */ = {
			isa = XCBuildConfiguration;
			buildSettings = {
				ALWAYS_SEARCH_USER_PATHS = NO;
				CLANG_ANALYZER_NONNULL = YES;
				CLANG_ANALYZER_NUMBER_OBJECT_CONVERSION = YES_AGGRESSIVE;
				CLANG_CXX_LANGUAGE_STANDARD = "gnu++0x";
				CLANG_CXX_LIBRARY = "libc++";
				CLANG_ENABLE_MODULES = YES;
				CLANG_ENABLE_OBJC_ARC = YES;
				CLANG_WARN_BOOL_CONVERSION = YES;
				CLANG_WARN_CONSTANT_CONVERSION = YES;
				CLANG_WARN_DIRECT_OBJC_ISA_USAGE = YES_ERROR;
				CLANG_WARN_DOCUMENTATION_COMMENTS = YES;
				CLANG_WARN_EMPTY_BODY = YES;
				CLANG_WARN_ENUM_CONVERSION = YES;
				CLANG_WARN_INFINITE_RECURSION = YES;
				CLANG_WARN_INT_CONVERSION = YES;
				CLANG_WARN_OBJC_ROOT_CLASS = YES_ERROR;
				CLANG_WARN_SUSPICIOUS_MOVE = YES;
				CLANG_WARN_UNREACHABLE_CODE = YES;
				CLANG_WARN__DUPLICATE_METHOD_MATCH = YES;
				"CODE_SIGN_IDENTITY[sdk=iphoneos*]" = "iPhone Developer";
				COPY_PHASE_STRIP = NO;
				DEBUG_INFORMATION_FORMAT = "dwarf-with-dsym";
				ENABLE_NS_ASSERTIONS = NO;
				ENABLE_STRICT_OBJC_MSGSEND = YES;
				GCC_C_LANGUAGE_STANDARD = gnu99;
				GCC_NO_COMMON_BLOCKS = YES;
				GCC_WARN_64_TO_32_BIT_CONVERSION = YES;
				GCC_WARN_ABOUT_RETURN_TYPE = YES_ERROR;
				GCC_WARN_UNDECLARED_SELECTOR = YES;
				GCC_WARN_UNINITIALIZED_AUTOS = YES_AGGRESSIVE;
				GCC_WARN_UNUSED_FUNCTION = YES;
				GCC_WARN_UNUSED_VARIABLE = YES;
				IPHONEOS_DEPLOYMENT_TARGET = 10.3;
				MTL_ENABLE_DEBUG_INFO = NO;
				SDKROOT = iphoneos;
				SWIFT_OPTIMIZATION_LEVEL = "-Owholemodule";
				TARGETED_DEVICE_FAMILY = "1,2";
				VALIDATE_PRODUCT = YES;
			};
			name = Release;
		};
		FB175B6F1FB3FF9C0015ACEA /* Debug */ = {
			isa = XCBuildConfiguration;
			baseConfigurationReference = F73AFFEAB572E23F836B2001 /* Pods-NewsApp.debug.xcconfig */;
			buildSettings = {
				ALWAYS_EMBED_SWIFT_STANDARD_LIBRARIES = YES;
				ASSETCATALOG_COMPILER_APPICON_NAME = AppIcon;
				DEVELOPMENT_TEAM = STRYF8536N;
				INFOPLIST_FILE = NewsApp/Info.plist;
				LD_RUNPATH_SEARCH_PATHS = "$(inherited) @executable_path/Frameworks";
				PRODUCT_BUNDLE_IDENTIFIER = com.nickelfox.NewsApp;
				PRODUCT_NAME = "$(TARGET_NAME)";
				SWIFT_VERSION = 3.0;
			};
			name = Debug;
		};
		FB175B701FB3FF9C0015ACEA /* Release */ = {
			isa = XCBuildConfiguration;
			baseConfigurationReference = A8012FD956A4BAA817705474 /* Pods-NewsApp.release.xcconfig */;
			buildSettings = {
				ALWAYS_EMBED_SWIFT_STANDARD_LIBRARIES = YES;
				ASSETCATALOG_COMPILER_APPICON_NAME = AppIcon;
				DEVELOPMENT_TEAM = STRYF8536N;
				INFOPLIST_FILE = NewsApp/Info.plist;
				LD_RUNPATH_SEARCH_PATHS = "$(inherited) @executable_path/Frameworks";
				PRODUCT_BUNDLE_IDENTIFIER = com.nickelfox.NewsApp;
				PRODUCT_NAME = "$(TARGET_NAME)";
				SWIFT_VERSION = 3.0;
			};
			name = Release;
		};
		FB175B841FB4071B0015ACEA /* Debug */ = {
			isa = XCBuildConfiguration;
			baseConfigurationReference = 2A8D41820D5D76B233E202CC /* Pods-Model.debug.xcconfig */;
			buildSettings = {
				CLANG_ENABLE_MODULES = YES;
				CODE_SIGN_IDENTITY = "";
				CURRENT_PROJECT_VERSION = 1;
				DEFINES_MODULE = YES;
				DEVELOPMENT_TEAM = STRYF8536N;
				DYLIB_COMPATIBILITY_VERSION = 1;
				DYLIB_CURRENT_VERSION = 1;
				DYLIB_INSTALL_NAME_BASE = "@rpath";
				INFOPLIST_FILE = Model/Info.plist;
				INSTALL_PATH = "$(LOCAL_LIBRARY_DIR)/Frameworks";
				LD_RUNPATH_SEARCH_PATHS = "$(inherited) @executable_path/Frameworks @loader_path/Frameworks";
				PRODUCT_BUNDLE_IDENTIFIER = com.nickelfox.Model;
				PRODUCT_NAME = "$(TARGET_NAME)";
				SKIP_INSTALL = YES;
				SWIFT_OPTIMIZATION_LEVEL = "-Onone";
				SWIFT_VERSION = 3.0;
				VERSIONING_SYSTEM = "apple-generic";
				VERSION_INFO_PREFIX = "";
			};
			name = Debug;
		};
		FB175B851FB4071B0015ACEA /* Release */ = {
			isa = XCBuildConfiguration;
			baseConfigurationReference = 7D21CA4ED80E4387EA5201AC /* Pods-Model.release.xcconfig */;
			buildSettings = {
				CLANG_ENABLE_MODULES = YES;
				CODE_SIGN_IDENTITY = "";
				CURRENT_PROJECT_VERSION = 1;
				DEFINES_MODULE = YES;
				DEVELOPMENT_TEAM = STRYF8536N;
				DYLIB_COMPATIBILITY_VERSION = 1;
				DYLIB_CURRENT_VERSION = 1;
				DYLIB_INSTALL_NAME_BASE = "@rpath";
				INFOPLIST_FILE = Model/Info.plist;
				INSTALL_PATH = "$(LOCAL_LIBRARY_DIR)/Frameworks";
				LD_RUNPATH_SEARCH_PATHS = "$(inherited) @executable_path/Frameworks @loader_path/Frameworks";
				PRODUCT_BUNDLE_IDENTIFIER = com.nickelfox.Model;
				PRODUCT_NAME = "$(TARGET_NAME)";
				SKIP_INSTALL = YES;
				SWIFT_VERSION = 3.0;
				VERSIONING_SYSTEM = "apple-generic";
				VERSION_INFO_PREFIX = "";
			};
			name = Release;
		};
/* End XCBuildConfiguration section */

/* Begin XCConfigurationList section */
		FB175B571FB3FF9C0015ACEA /* Build configuration list for PBXProject "NewsApp" */ = {
			isa = XCConfigurationList;
			buildConfigurations = (
				FB175B6C1FB3FF9C0015ACEA /* Debug */,
				FB175B6D1FB3FF9C0015ACEA /* Release */,
			);
			defaultConfigurationIsVisible = 0;
			defaultConfigurationName = Release;
		};
		FB175B6E1FB3FF9C0015ACEA /* Build configuration list for PBXNativeTarget "NewsApp" */ = {
			isa = XCConfigurationList;
			buildConfigurations = (
				FB175B6F1FB3FF9C0015ACEA /* Debug */,
				FB175B701FB3FF9C0015ACEA /* Release */,
			);
			defaultConfigurationIsVisible = 0;
			defaultConfigurationName = Release;
		};
		FB175B831FB4071B0015ACEA /* Build configuration list for PBXNativeTarget "Model" */ = {
			isa = XCConfigurationList;
			buildConfigurations = (
				FB175B841FB4071B0015ACEA /* Debug */,
				FB175B851FB4071B0015ACEA /* Release */,
			);
			defaultConfigurationIsVisible = 0;
			defaultConfigurationName = Release;
		};
/* End XCConfigurationList section */
	};
	rootObject = FB175B541FB3FF9C0015ACEA /* Project object */;
}
